
Microsoft Visual Studio Solution File, Format Version 12.00
# Visual Studio Version 16
VisualStudioVersion = 16.0.29613.14
MinimumVisualStudioVersion = 10.0.40219.1
Project("{FAE04EC0-301F-11D3-BF4B-00C04F79EFBC}") = "SchoolDiary.Api", "SchoolDiary.Api\SchoolDiary.Api.csproj", "{F72BB507-D352-430F-BD0F-E98326227E6F}"
EndProject
Project("{FAE04EC0-301F-11D3-BF4B-00C04F79EFBC}") = "SchoolDiary.Repositories.EntityFramework", "SchoolDiary.Repositories.EntityFramework\SchoolDiary.Repositories.EntityFramework.csproj", "{C4640E5F-1DBE-49DC-8C2C-2782897CD3D3}"
EndProject
Project("{FAE04EC0-301F-11D3-BF4B-00C04F79EFBC}") = "SchoolDiary.Common", "SchoolDiary.Common\SchoolDiary.Common.csproj", "{72D2022A-119C-4A62-B649-AFAAE649E1E1}"
EndProject
Global
	GlobalSection(SolutionConfigurationPlatforms) = preSolution
		Debug|Any CPU = Debug|Any CPU
		Release|Any CPU = Release|Any CPU
	EndGlobalSection
	GlobalSection(ProjectConfigurationPlatforms) = postSolution
		{F72BB507-D352-430F-BD0F-E98326227E6F}.Debug|Any CPU.ActiveCfg = Debug|Any CPU
		{F72BB507-D352-430F-BD0F-E98326227E6F}.Debug|Any CPU.Build.0 = Debug|Any CPU
		{F72BB507-D352-430F-BD0F-E98326227E6F}.Release|Any CPU.ActiveCfg = Release|Any CPU
		{F72BB507-D352-430F-BD0F-E98326227E6F}.Release|Any CPU.Build.0 = Release|Any CPU
		{C4640E5F-1DBE-49DC-8C2C-2782897CD3D3}.Debug|Any CPU.ActiveCfg = Debug|Any CPU
		{C4640E5F-1DBE-49DC-8C2C-2782897CD3D3}.Debug|Any CPU.Build.0 = Debug|Any CPU
		{C4640E5F-1DBE-49DC-8C2C-2782897CD3D3}.Release|Any CPU.ActiveCfg = Release|Any CPU
		{C4640E5F-1DBE-49DC-8C2C-2782897CD3D3}.Release|Any CPU.Build.0 = Release|Any CPU
		{72D2022A-119C-4A62-B649-AFAAE649E1E1}.Debug|Any CPU.ActiveCfg = Debug|Any CPU
		{72D2022A-119C-4A62-B649-AFAAE649E1E1}.Debug|Any CPU.Build.0 = Debug|Any CPU
		{72D2022A-119C-4A62-B649-AFAAE649E1E1}.Release|Any CPU.ActiveCfg = Release|Any CPU
		{72D2022A-119C-4A62-B649-AFAAE649E1E1}.Release|Any CPU.Build.0 = Release|Any CPU
	EndGlobalSection
	GlobalSection(SolutionProperties) = preSolution
		HideSolutionNode = FALSE
	EndGlobalSection
	GlobalSection(ExtensibilityGlobals) = postSolution
		SolutionGuid = {3B41CC78-C232-402E-B419-CFB244B23BAB}
	EndGlobalSection
EndGlobal
